
Microsoft Visual Studio Solution File, Format Version 12.00
# Visual Studio Version 17
VisualStudioVersion = 17.5.002.0
MinimumVisualStudioVersion = 10.0.40219.1
Project("{2150E333-8FDC-42A3-9474-1A3956D46DE8}") = "sandbox", "sandbox", "{138EE76F-8434-4956-91CE-B2ACE09B8E28}"
EndProject
Project("{9A19103F-16F7-4668-BE54-9A1E7A4F7556}") = "sandbox_project", "sandbox\sandbox_project\sandbox_project.csproj", "{24B5A9D6-CE83-4017-99DB-F4613B2AABF6}"
EndProject
Project("{2150E333-8FDC-42A3-9474-1A3956D46DE8}") = "week01", "week01", "{5EDD9922-D2F5-4269-9868-361C9AEA66D2}"
EndProject
Project("{9A19103F-16F7-4668-BE54-9A1E7A4F7556}") = "analyze", "week01\analyze\analyze.csproj", "{2043CC99-0586-40DB-9D87-0240A552A039}"
EndProject
Project("{9A19103F-16F7-4668-BE54-9A1E7A4F7556}") = "code", "week01\code\code.csproj", "{48ADDF32-FA1E-4684-BCD1-8BEF7FCF0812}"
EndProject
Project("{9A19103F-16F7-4668-BE54-9A1E7A4F7556}") = "teach", "week01\teach\teach.csproj", "{E5044325-8C95-4BD6-9404-89FF6F7AEC27}"
EndProject
Project("{2150E333-8FDC-42A3-9474-1A3956D46DE8}") = "week02", "week02", "{C69C064B-4588-47DD-B276-20AC03BE85C8}"
EndProject
Project("{9A19103F-16F7-4668-BE54-9A1E7A4F7556}") = "analyze", "week02\analyze\analyze.csproj", "{353781D4-D07B-437F-BE6F-173E293FE52F}"
EndProject
Project("{9A19103F-16F7-4668-BE54-9A1E7A4F7556}") = "code", "week02\code\code.csproj", "{4AC5306D-6F41-4817-92A0-0A39782CE306}"
EndProject
Project("{9A19103F-16F7-4668-BE54-9A1E7A4F7556}") = "learn", "week02\learn\learn.csproj", "{C7051B4D-7456-42DD-9C21-F40FA0FE1A2D}"
EndProject
Project("{9A19103F-16F7-4668-BE54-9A1E7A4F7556}") = "teach", "week02\teach\teach.csproj", "{97BC6E8F-AF63-4A4D-A8A9-490B5C505956}"
EndProject
Project("{2150E333-8FDC-42A3-9474-1A3956D46DE8}") = "week03", "week03", "{3B0117CE-40FA-46BD-A414-CB1516FCAD9C}"
EndProject
Project("{9A19103F-16F7-4668-BE54-9A1E7A4F7556}") = "code", "week03\code\code.csproj", "{F53CD653-0072-4F75-8B87-7C1FBA21F64B}"
EndProject
Project("{9A19103F-16F7-4668-BE54-9A1E7A4F7556}") = "learn", "week03\learn\learn.csproj", "{D39C38ED-188A-49F1-AF46-238EA8DBEBE7}"
EndProject
Project("{9A19103F-16F7-4668-BE54-9A1E7A4F7556}") = "teach", "week03\teach\teach.csproj", "{99A901D8-2E43-41EE-A1F2-ECF4C86C6916}"
EndProject
Project("{2150E333-8FDC-42A3-9474-1A3956D46DE8}") = "week04", "week04", "{A2FEA680-DA45-43F1-9CB8-C72DB36A347A}"
EndProject
Project("{9A19103F-16F7-4668-BE54-9A1E7A4F7556}") = "code", "week04\code\code.csproj", "{C58F97FF-9095-4D3C-8DF5-95B3956D0695}"
EndProject
Project("{2150E333-8FDC-42A3-9474-1A3956D46DE8}") = "week05", "week05", "{D9F2BA0A-5D01-44E1-A647-5ED88B033FD7}"
EndProject
Project("{9A19103F-16F7-4668-BE54-9A1E7A4F7556}") = "code", "week05\code\code.csproj", "{169FCAD4-7660-4516-9AA8-66E4AC83B932}"
EndProject
Project("{2150E333-8FDC-42A3-9474-1A3956D46DE8}") = "week06", "week06", "{539AE1FD-31D8-4646-8679-EB336E78CFC9}"
EndProject
Project("{9A19103F-16F7-4668-BE54-9A1E7A4F7556}") = "code", "week06\code\code.csproj", "{084891FC-0DA5-4E99-8AE4-8E58BEC12226}"
EndProject
Global
	GlobalSection(SolutionConfigurationPlatforms) = preSolution
		Debug|Any CPU = Debug|Any CPU
		Release|Any CPU = Release|Any CPU
	EndGlobalSection
	GlobalSection(ProjectConfigurationPlatforms) = postSolution
		{24B5A9D6-CE83-4017-99DB-F4613B2AABF6}.Debug|Any CPU.ActiveCfg = Debug|Any CPU
		{24B5A9D6-CE83-4017-99DB-F4613B2AABF6}.Debug|Any CPU.Build.0 = Debug|Any CPU
		{24B5A9D6-CE83-4017-99DB-F4613B2AABF6}.Release|Any CPU.ActiveCfg = Release|Any CPU
		{24B5A9D6-CE83-4017-99DB-F4613B2AABF6}.Release|Any CPU.Build.0 = Release|Any CPU
		{2043CC99-0586-40DB-9D87-0240A552A039}.Debug|Any CPU.ActiveCfg = Debug|Any CPU
		{2043CC99-0586-40DB-9D87-0240A552A039}.Debug|Any CPU.Build.0 = Debug|Any CPU
		{2043CC99-0586-40DB-9D87-0240A552A039}.Release|Any CPU.ActiveCfg = Release|Any CPU
		{2043CC99-0586-40DB-9D87-0240A552A039}.Release|Any CPU.Build.0 = Release|Any CPU
		{48ADDF32-FA1E-4684-BCD1-8BEF7FCF0812}.Debug|Any CPU.ActiveCfg = Debug|Any CPU
		{48ADDF32-FA1E-4684-BCD1-8BEF7FCF0812}.Debug|Any CPU.Build.0 = Debug|Any CPU
		{48ADDF32-FA1E-4684-BCD1-8BEF7FCF0812}.Release|Any CPU.ActiveCfg = Release|Any CPU
		{48ADDF32-FA1E-4684-BCD1-8BEF7FCF0812}.Release|Any CPU.Build.0 = Release|Any CPU
		{E5044325-8C95-4BD6-9404-89FF6F7AEC27}.Debug|Any CPU.ActiveCfg = Debug|Any CPU
		{E5044325-8C95-4BD6-9404-89FF6F7AEC27}.Debug|Any CPU.Build.0 = Debug|Any CPU
		{E5044325-8C95-4BD6-9404-89FF6F7AEC27}.Release|Any CPU.ActiveCfg = Release|Any CPU
		{E5044325-8C95-4BD6-9404-89FF6F7AEC27}.Release|Any CPU.Build.0 = Release|Any CPU
		{353781D4-D07B-437F-BE6F-173E293FE52F}.Debug|Any CPU.ActiveCfg = Debug|Any CPU
		{353781D4-D07B-437F-BE6F-173E293FE52F}.Debug|Any CPU.Build.0 = Debug|Any CPU
		{353781D4-D07B-437F-BE6F-173E293FE52F}.Release|Any CPU.ActiveCfg = Release|Any CPU
		{353781D4-D07B-437F-BE6F-173E293FE52F}.Release|Any CPU.Build.0 = Release|Any CPU
		{4AC5306D-6F41-4817-92A0-0A39782CE306}.Debug|Any CPU.ActiveCfg = Debug|Any CPU
		{4AC5306D-6F41-4817-92A0-0A39782CE306}.Debug|Any CPU.Build.0 = Debug|Any CPU
		{4AC5306D-6F41-4817-92A0-0A39782CE306}.Release|Any CPU.ActiveCfg = Release|Any CPU
		{4AC5306D-6F41-4817-92A0-0A39782CE306}.Release|Any CPU.Build.0 = Release|Any CPU
		{C7051B4D-7456-42DD-9C21-F40FA0FE1A2D}.Debug|Any CPU.ActiveCfg = Debug|Any CPU
		{C7051B4D-7456-42DD-9C21-F40FA0FE1A2D}.Debug|Any CPU.Build.0 = Debug|Any CPU
		{C7051B4D-7456-42DD-9C21-F40FA0FE1A2D}.Release|Any CPU.ActiveCfg = Release|Any CPU
		{C7051B4D-7456-42DD-9C21-F40FA0FE1A2D}.Release|Any CPU.Build.0 = Release|Any CPU
		{97BC6E8F-AF63-4A4D-A8A9-490B5C505956}.Debug|Any CPU.ActiveCfg = Debug|Any CPU
		{97BC6E8F-AF63-4A4D-A8A9-490B5C505956}.Debug|Any CPU.Build.0 = Debug|Any CPU
		{97BC6E8F-AF63-4A4D-A8A9-490B5C505956}.Release|Any CPU.ActiveCfg = Release|Any CPU
		{97BC6E8F-AF63-4A4D-A8A9-490B5C505956}.Release|Any CPU.Build.0 = Release|Any CPU
		{F53CD653-0072-4F75-8B87-7C1FBA21F64B}.Debug|Any CPU.ActiveCfg = Debug|Any CPU
		{F53CD653-0072-4F75-8B87-7C1FBA21F64B}.Debug|Any CPU.Build.0 = Debug|Any CPU
		{F53CD653-0072-4F75-8B87-7C1FBA21F64B}.Release|Any CPU.ActiveCfg = Release|Any CPU
		{F53CD653-0072-4F75-8B87-7C1FBA21F64B}.Release|Any CPU.Build.0 = Release|Any CPU
		{D39C38ED-188A-49F1-AF46-238EA8DBEBE7}.Debug|Any CPU.ActiveCfg = Debug|Any CPU
		{D39C38ED-188A-49F1-AF46-238EA8DBEBE7}.Debug|Any CPU.Build.0 = Debug|Any CPU
		{D39C38ED-188A-49F1-AF46-238EA8DBEBE7}.Release|Any CPU.ActiveCfg = Release|Any CPU
		{D39C38ED-188A-49F1-AF46-238EA8DBEBE7}.Release|Any CPU.Build.0 = Release|Any CPU
		{99A901D8-2E43-41EE-A1F2-ECF4C86C6916}.Debug|Any CPU.ActiveCfg = Debug|Any CPU
		{99A901D8-2E43-41EE-A1F2-ECF4C86C6916}.Debug|Any CPU.Build.0 = Debug|Any CPU
		{99A901D8-2E43-41EE-A1F2-ECF4C86C6916}.Release|Any CPU.ActiveCfg = Release|Any CPU
		{99A901D8-2E43-41EE-A1F2-ECF4C86C6916}.Release|Any CPU.Build.0 = Release|Any CPU
		{C58F97FF-9095-4D3C-8DF5-95B3956D0695}.Debug|Any CPU.ActiveCfg = Debug|Any CPU
		{C58F97FF-9095-4D3C-8DF5-95B3956D0695}.Debug|Any CPU.Build.0 = Debug|Any CPU
		{C58F97FF-9095-4D3C-8DF5-95B3956D0695}.Release|Any CPU.ActiveCfg = Release|Any CPU
		{C58F97FF-9095-4D3C-8DF5-95B3956D0695}.Release|Any CPU.Build.0 = Release|Any CPU
		{169FCAD4-7660-4516-9AA8-66E4AC83B932}.Debug|Any CPU.ActiveCfg = Debug|Any CPU
		{169FCAD4-7660-4516-9AA8-66E4AC83B932}.Debug|Any CPU.Build.0 = Debug|Any CPU
		{169FCAD4-7660-4516-9AA8-66E4AC83B932}.Release|Any CPU.ActiveCfg = Release|Any CPU
		{169FCAD4-7660-4516-9AA8-66E4AC83B932}.Release|Any CPU.Build.0 = Release|Any CPU
		{084891FC-0DA5-4E99-8AE4-8E58BEC12226}.Debug|Any CPU.ActiveCfg = Debug|Any CPU
		{084891FC-0DA5-4E99-8AE4-8E58BEC12226}.Debug|Any CPU.Build.0 = Debug|Any CPU
		{084891FC-0DA5-4E99-8AE4-8E58BEC12226}.Release|Any CPU.ActiveCfg = Release|Any CPU
		{084891FC-0DA5-4E99-8AE4-8E58BEC12226}.Release|Any CPU.Build.0 = Release|Any CPU
	EndGlobalSection
	GlobalSection(SolutionProperties) = preSolution
		HideSolutionNode = FALSE
	EndGlobalSection
	GlobalSection(NestedProjects) = preSolution
		{24B5A9D6-CE83-4017-99DB-F4613B2AABF6} = {138EE76F-8434-4956-91CE-B2ACE09B8E28}
		{2043CC99-0586-40DB-9D87-0240A552A039} = {5EDD9922-D2F5-4269-9868-361C9AEA66D2}
		{48ADDF32-FA1E-4684-BCD1-8BEF7FCF0812} = {5EDD9922-D2F5-4269-9868-361C9AEA66D2}
		{E5044325-8C95-4BD6-9404-89FF6F7AEC27} = {5EDD9922-D2F5-4269-9868-361C9AEA66D2}
		{353781D4-D07B-437F-BE6F-173E293FE52F} = {C69C064B-4588-47DD-B276-20AC03BE85C8}
		{4AC5306D-6F41-4817-92A0-0A39782CE306} = {C69C064B-4588-47DD-B276-20AC03BE85C8}
		{C7051B4D-7456-42DD-9C21-F40FA0FE1A2D} = {C69C064B-4588-47DD-B276-20AC03BE85C8}
		{97BC6E8F-AF63-4A4D-A8A9-490B5C505956} = {C69C064B-4588-47DD-B276-20AC03BE85C8}
		{F53CD653-0072-4F75-8B87-7C1FBA21F64B} = {3B0117CE-40FA-46BD-A414-CB1516FCAD9C}
		{D39C38ED-188A-49F1-AF46-238EA8DBEBE7} = {3B0117CE-40FA-46BD-A414-CB1516FCAD9C}
		{99A901D8-2E43-41EE-A1F2-ECF4C86C6916} = {3B0117CE-40FA-46BD-A414-CB1516FCAD9C}
		{C58F97FF-9095-4D3C-8DF5-95B3956D0695} = {A2FEA680-DA45-43F1-9CB8-C72DB36A347A}
		{169FCAD4-7660-4516-9AA8-66E4AC83B932} = {D9F2BA0A-5D01-44E1-A647-5ED88B033FD7}
		{084891FC-0DA5-4E99-8AE4-8E58BEC12226} = {539AE1FD-31D8-4646-8679-EB336E78CFC9}
	EndGlobalSection
	GlobalSection(ExtensibilityGlobals) = postSolution
		SolutionGuid = {EFFF174A-4E9E-4451-B972-ED20C771082C}
	EndGlobalSection
EndGlobal
